
Microsoft Visual Studio Solution File, Format Version 12.00
# Visual Studio Version 16
VisualStudioVersion = 16.0.31025.194
MinimumVisualStudioVersion = 10.0.40219.1
Project("{FAE04EC0-301F-11D3-BF4B-00C04F79EFBC}") = "CreateFolderFromCreationDate", "CreateFolderFromCreationDate\CreateFolderFromCreationDate.csproj", "{8AE080E8-309F-4119-9C66-E5C62AA46D9D}"
EndProject
Global
	GlobalSection(SolutionConfigurationPlatforms) = preSolution
		Debug|Any CPU = Debug|Any CPU
		Release|Any CPU = Release|Any CPU
	EndGlobalSection
	GlobalSection(ProjectConfigurationPlatforms) = postSolution
		{8AE080E8-309F-4119-9C66-E5C62AA46D9D}.Debug|Any CPU.ActiveCfg = Debug|Any CPU
		{8AE080E8-309F-4119-9C66-E5C62AA46D9D}.Debug|Any CPU.Build.0 = Debug|Any CPU
		{8AE080E8-309F-4119-9C66-E5C62AA46D9D}.Release|Any CPU.ActiveCfg = Release|Any CPU
		{8AE080E8-309F-4119-9C66-E5C62AA46D9D}.Release|Any CPU.Build.0 = Release|Any CPU
	EndGlobalSection
	GlobalSection(SolutionProperties) = preSolution
		HideSolutionNode = FALSE
	EndGlobalSection
	GlobalSection(ExtensibilityGlobals) = postSolution
		SolutionGuid = {FF39E77E-2EE2-430F-9473-112ED9F7B8C2}
	EndGlobalSection
EndGlobal
